{
    "_readme": [
        "This file locks the dependencies of your project to a known state",
        "Read more about it at https://getcomposer.org/doc/01-basic-usage.md#composer-lock-the-lock-file",
        "This file is @generated automatically"
    ],
    "content-hash": "34d0d878178713c93a49120cd4888b8e",
    "packages": [
        {
            "name": "fykosak/fksdb-downloader-core",
            "version": "1.0.0",
            "source": {
                "type": "git",
                "url": "https://github.com/fykosak/fksdb-downloader-core.git",
                "reference": "834efde69b8797e594e28209a9d490f4dd27fc52"
            },
            "dist": {
                "type": "zip",
                "url": "https://api.github.com/repos/fykosak/fksdb-downloader-core/zipball/834efde69b8797e594e28209a9d490f4dd27fc52",
                "reference": "834efde69b8797e594e28209a9d490f4dd27fc52",
                "shasum": ""
            },
            "require": {
                "ext-dom": "*",
                "ext-soap": "*",
                "php": ">=7.4"
            },
            "type": "library",
            "autoload": {
                "psr-4": {
                    "Fykosak\\FKSDBDownloaderCore\\": "src/"
                }
            },
            "notification-url": "https://packagist.org/downloads/",
            "authors": [
                {
                    "name": "Michal Mišo Červeňák",
                    "email": "miso@fykos.cz"
                },
                {
                    "name": "fykos.cz",
                    "email": "webmaster@fykos.cz"
                }
            ],
            "description": "Interface for downloading data from FKSDB by SOAP-client",
            "time": "2021-03-09T01:51:30+00:00"
        }
    ],
    "packages-dev": [],
    "aliases": [],
    "minimum-stability": "stable",
    "stability-flags": [],
    "prefer-stable": false,
    "prefer-lowest": false,
    "platform": [],
    "platform-dev": []
}
