{
    "_readme": [
        "This file locks the dependencies of your project to a known state",
        "Read more about it at https://getcomposer.org/doc/01-basic-usage.md#installing-dependencies",
        "This file is @generated automatically"
    ],
    "content-hash": "3411592fdd254ce6cf76f7b0a8e67760",
    "packages": [
        {
            "name": "fykosak/fksdb-downloader-core",
            "version": "v1.5.1",
            "source": {
                "type": "git",
                "url": "https://github.com/fykosak/fksdb-downloader-core.git",
                "reference": "796903087e7193069d78ab879d1d02a632bdb59e"
            },
            "dist": {
                "type": "zip",
                "url": "https://api.github.com/repos/fykosak/fksdb-downloader-core/zipball/796903087e7193069d78ab879d1d02a632bdb59e",
                "reference": "796903087e7193069d78ab879d1d02a632bdb59e",
                "shasum": ""
            },
            "require": {
                "ext-dom": "*",
                "ext-soap": "*",
                "php": ">= 7.4"
            },
            "require-dev": {
                "squizlabs/php_codesniffer": "^3.6.0"
            },
            "type": "library",
            "autoload": {
                "psr-4": {
                    "Fykosak\\FKSDBDownloaderCore\\": "src/",
                    "Fykosak\\FKSDBDownloaderCore\\Tools\\": "tools/"
                }
            },
            "notification-url": "https://packagist.org/downloads/",
            "license": [
                "GPL-3.0-or-later"
            ],
            "authors": [
                {
                    "name": "fykos.cz",
                    "email": "webmaster@fykos.cz"
                }
            ],
            "description": "Interface for downloading data from FKSDB by SOAP-client",
            "support": {
                "issues": "https://github.com/fykosak/fksdb-downloader-core/issues",
                "source": "https://github.com/fykosak/fksdb-downloader-core/tree/v1.5.1"
            },
            "time": "2022-09-23T20:19:29+00:00"
        }
    ],
    "packages-dev": [],
    "aliases": [],
    "minimum-stability": "stable",
    "stability-flags": [],
    "prefer-stable": false,
    "prefer-lowest": false,
    "platform": [],
    "platform-dev": [],
    "plugin-api-version": "2.6.0"
}
